
Microsoft Visual Studio Solution File, Format Version 12.00
# Visual Studio Version 16
VisualStudioVersion = 16.0.32002.261
MinimumVisualStudioVersion = 10.0.40219.1
Project("{FAE04EC0-301F-11D3-BF4B-00C04F79EFBC}") = "KinhDoanhThuCung", "KinhDoanhThuCung.csproj", "{4A4EEBEE-62FD-46FE-8CCF-FA882E65FCBC}"
EndProject
Global
	GlobalSection(SolutionConfigurationPlatforms) = preSolution
		Debug|Any CPU = Debug|Any CPU
		Release|Any CPU = Release|Any CPU
	EndGlobalSection
	GlobalSection(ProjectConfigurationPlatforms) = postSolution
		{4A4EEBEE-62FD-46FE-8CCF-FA882E65FCBC}.Debug|Any CPU.ActiveCfg = Debug|Any CPU
		{4A4EEBEE-62FD-46FE-8CCF-FA882E65FCBC}.Debug|Any CPU.Build.0 = Debug|Any CPU
		{4A4EEBEE-62FD-46FE-8CCF-FA882E65FCBC}.Release|Any CPU.ActiveCfg = Release|Any CPU
		{4A4EEBEE-62FD-46FE-8CCF-FA882E65FCBC}.Release|Any CPU.Build.0 = Release|Any CPU
	EndGlobalSection
	GlobalSection(SolutionProperties) = preSolution
		HideSolutionNode = FALSE
	EndGlobalSection
	GlobalSection(ExtensibilityGlobals) = postSolution
		SolutionGuid = {592FE427-A625-4F4E-AB5A-2F496B7D740B}
	EndGlobalSection
EndGlobal
